
Microsoft Visual Studio Solution File, Format Version 12.00
# Visual Studio 15
VisualStudioVersion = 15.0.27428.1
MinimumVisualStudioVersion = 10.0.40219.1
Project("{2150E333-8FDC-42A3-9474-1A3956D46DE8}") = "Solution Items", "Solution Items", "{6CA7A260-CF85-4A8E-A0CC-89E636042FB2}"
	ProjectSection(SolutionItems) = preProject
		.gitignore = .gitignore
		global.json = global.json
		LICENSE = LICENSE
		README.md = README.md
	EndProjectSection
EndProject
Project("{9A19103F-16F7-4668-BE54-9A1E7A4F7556}") = "MimeDetector", "src\MimeDetector\MimeDetector.csproj", "{B31873B5-CDCA-46AB-9ABF-91DBFA3D4794}"
EndProject
Project("{9A19103F-16F7-4668-BE54-9A1E7A4F7556}") = "MimeDetector.Tests", "src\MimeDetector.Tests\MimeDetector.Tests.csproj", "{2DF0ABE2-C729-4289-87A2-FA7A7B57B2AD}"
EndProject
Global
	GlobalSection(SolutionConfigurationPlatforms) = preSolution
		Debug|Any CPU = Debug|Any CPU
		Release|Any CPU = Release|Any CPU
	EndGlobalSection
	GlobalSection(ProjectConfigurationPlatforms) = postSolution
		{B31873B5-CDCA-46AB-9ABF-91DBFA3D4794}.Debug|Any CPU.ActiveCfg = Debug|Any CPU
		{B31873B5-CDCA-46AB-9ABF-91DBFA3D4794}.Debug|Any CPU.Build.0 = Debug|Any CPU
		{B31873B5-CDCA-46AB-9ABF-91DBFA3D4794}.Release|Any CPU.ActiveCfg = Release|Any CPU
		{B31873B5-CDCA-46AB-9ABF-91DBFA3D4794}.Release|Any CPU.Build.0 = Release|Any CPU
		{2DF0ABE2-C729-4289-87A2-FA7A7B57B2AD}.Debug|Any CPU.ActiveCfg = Debug|Any CPU
		{2DF0ABE2-C729-4289-87A2-FA7A7B57B2AD}.Debug|Any CPU.Build.0 = Debug|Any CPU
		{2DF0ABE2-C729-4289-87A2-FA7A7B57B2AD}.Release|Any CPU.ActiveCfg = Release|Any CPU
		{2DF0ABE2-C729-4289-87A2-FA7A7B57B2AD}.Release|Any CPU.Build.0 = Release|Any CPU
	EndGlobalSection
	GlobalSection(SolutionProperties) = preSolution
		HideSolutionNode = FALSE
	EndGlobalSection
	GlobalSection(ExtensibilityGlobals) = postSolution
		SolutionGuid = {144C7D71-247D-453F-810B-2A9EB58BCBD6}
	EndGlobalSection
EndGlobal
